{
  "nodes": {
    "hlchunk_nvim": {
      "flake": false,
      "locked": {
        "lastModified": 1725001812,
        "narHash": "sha256-/SECuy9XxIMGw7ujjXXm4vvYEa3bxJ7gQfv8r738MYc=",
        "owner": "shellRaining",
        "repo": "hlchunk.nvim",
        "rev": "a33794db6d983328a89431ce11316ddaffe422c5",
        "type": "github"
      },
      "original": {
        "owner": "shellRaining",
        "repo": "hlchunk.nvim",
        "type": "github"
      }
    },
    "hop_nvim": {
      "flake": false,
      "locked": {
        "lastModified": 1723130452,
        "narHash": "sha256-hNo4iqssFjvaWN65cqo/NyuwYzgKiIjwsqFzk2EG/h4=",
        "owner": "smoka7",
        "repo": "hop.nvim",
        "rev": "8f51ef02700bb3cdcce94e92eff16170a6343c4f",
        "type": "github"
      },
      "original": {
        "owner": "smoka7",
        "repo": "hop.nvim",
        "type": "github"
      }
    },
    "lazy_nvim": {
      "flake": false,
      "locked": {
        "lastModified": 1725087798,
        "narHash": "sha256-qERgCq8exkdVQok72TAU1+xvTiy2wxcjsVwoHE59kOc=",
        "owner": "folke",
        "repo": "lazy.nvim",
        "rev": "48b52b5cfcf8f88ed0aff8fde573a5cc20b1306d",
        "type": "github"
      },
      "original": {
        "owner": "folke",
        "repo": "lazy.nvim",
        "type": "github"
      }
    },
    "nixpkgs": {
      "locked": {
        "lastModified": 1725067332,
        "narHash": "sha256-bMi5zhDwR6jdmN5mBHEu9gQQf9CibIEasA/6mc34Iek=",
        "owner": "nixos",
        "repo": "nixpkgs",
        "rev": "192e7407cc66e2eccc3a6c5ad3834dd62fae3800",
        "type": "github"
      },
      "original": {
        "owner": "nixos",
        "ref": "nixpkgs-unstable",
        "repo": "nixpkgs",
        "type": "github"
      }
    },
    "nvim_lspconfig": {
      "flake": false,
      "locked": {
        "lastModified": 1725055479,
        "narHash": "sha256-ScIkXVAEA90hPH6PzJcdbBcUJj3kElHiXTO/H4Yoj8s=",
        "owner": "neovim",
        "repo": "nvim-lspconfig",
        "rev": "3ad562700d0615818bf358268ac8914f6ce2b079",
        "type": "github"
      },
      "original": {
        "owner": "neovim",
        "repo": "nvim-lspconfig",
        "type": "github"
      }
    },
    "oil_nvim": {
      "flake": false,
      "locked": {
        "lastModified": 1725065409,
        "narHash": "sha256-vBQA+IhqakMmAVQrAZbvJkN9wLGqJ3m0EjoUi4uI9MA=",
        "owner": "stevearc",
        "repo": "oil.nvim",
        "rev": "1fe476daf0b3c108cb8ee1fc1226cc282fa2c9c1",
        "type": "github"
      },
      "original": {
        "owner": "stevearc",
        "repo": "oil.nvim",
        "type": "github"
      }
    },
    "root": {
      "inputs": {
        "hlchunk_nvim": "hlchunk_nvim",
        "hop_nvim": "hop_nvim",
        "lazy_nvim": "lazy_nvim",
        "nixpkgs": "nixpkgs",
        "nvim_lspconfig": "nvim_lspconfig",
        "oil_nvim": "oil_nvim"
      }
    }
  },
  "root": "root",
  "version": 7
}
